
Microsoft Visual Studio Solution File, Format Version 12.00
# Visual Studio Version 17
VisualStudioVersion = 17.7.34031.279
MinimumVisualStudioVersion = 10.0.40219.1
Project("{8BC9CEB8-8B4A-11D0-8D11-00A0C91BC942}") = "Project1", "Project1\Project1.vcxproj", "{E615DD3E-8004-42BC-B85C-966E15745BDD}"
EndProject
Global
	GlobalSection(SolutionConfigurationPlatforms) = preSolution
		Debug|x64 = Debug|x64
		Debug|x86 = Debug|x86
		Release|x64 = Release|x64
		Release|x86 = Release|x86
	EndGlobalSection
	GlobalSection(ProjectConfigurationPlatforms) = postSolution
		{E615DD3E-8004-42BC-B85C-966E15745BDD}.Debug|x64.ActiveCfg = Debug|x64
		{E615DD3E-8004-42BC-B85C-966E15745BDD}.Debug|x64.Build.0 = Debug|x64
		{E615DD3E-8004-42BC-B85C-966E15745BDD}.Debug|x86.ActiveCfg = Debug|Win32
		{E615DD3E-8004-42BC-B85C-966E15745BDD}.Debug|x86.Build.0 = Debug|Win32
		{E615DD3E-8004-42BC-B85C-966E15745BDD}.Release|x64.ActiveCfg = Release|x64
		{E615DD3E-8004-42BC-B85C-966E15745BDD}.Release|x64.Build.0 = Release|x64
		{E615DD3E-8004-42BC-B85C-966E15745BDD}.Release|x86.ActiveCfg = Release|Win32
		{E615DD3E-8004-42BC-B85C-966E15745BDD}.Release|x86.Build.0 = Release|Win32
	EndGlobalSection
	GlobalSection(SolutionProperties) = preSolution
		HideSolutionNode = FALSE
	EndGlobalSection
	GlobalSection(ExtensibilityGlobals) = postSolution
		SolutionGuid = {48DECEA3-69A5-4495-9F43-153452F63E91}
	EndGlobalSection
EndGlobal
